
Microsoft Visual Studio Solution File, Format Version 12.00
# Visual Studio 15
VisualStudioVersion = 15.0.28307.106
MinimumVisualStudioVersion = 10.0.40219.1
Project("{FAE04EC0-301F-11D3-BF4B-00C04F79EFBC}") = "WebApplication1", "WebApplication1\WebApplication1.csproj", "{3CABE8D7-BCA5-4738-91BB-8E553D8494A6}"
EndProject
Global
	GlobalSection(SolutionConfigurationPlatforms) = preSolution
		Debug|Any CPU = Debug|Any CPU
		Release|Any CPU = Release|Any CPU
	EndGlobalSection
	GlobalSection(ProjectConfigurationPlatforms) = postSolution
		{3CABE8D7-BCA5-4738-91BB-8E553D8494A6}.Debug|Any CPU.ActiveCfg = Debug|Any CPU
		{3CABE8D7-BCA5-4738-91BB-8E553D8494A6}.Debug|Any CPU.Build.0 = Debug|Any CPU
		{3CABE8D7-BCA5-4738-91BB-8E553D8494A6}.Release|Any CPU.ActiveCfg = Release|Any CPU
		{3CABE8D7-BCA5-4738-91BB-8E553D8494A6}.Release|Any CPU.Build.0 = Release|Any CPU
	EndGlobalSection
	GlobalSection(SolutionProperties) = preSolution
		HideSolutionNode = FALSE
	EndGlobalSection
	GlobalSection(ExtensibilityGlobals) = postSolution
		SolutionGuid = {A8C28306-7DA6-41B6-8C7A-B54D7B1CCFBA}
	EndGlobalSection
EndGlobal
